{
  "name": "tabletime",
  "version": "0.0.0",
  "lockfileVersion": 3,
  "requires": true,
  "packages": {
    "": {
      "name": "tabletime",
      "version": "0.0.0",
      "dependencies": {
        "cofound": "file:/Users/rabbit-m2/p/cofound/pkg"
      }
    },
    "../cofound/pkg": {
      "name": "cofound",
      "version": "1.0.0-rc.1",
      "hasInstallScript": true,
      "dependencies": {
        "better-sqlite3": "^11.0.0",
        "debug": "^4.3.4",
        "esbuild": "0.24.0"
      },
      "bin": {
        "cofound": "bin/index.js"
      },
      "engines": {
        "node": ">=20.11"
      }
    },
    "node_modules/cofound": {
      "resolved": "../cofound/pkg",
      "link": true
    }
  }
}
